
Microsoft Visual Studio Solution File, Format Version 12.00
# Visual Studio Version 18
VisualStudioVersion = 18.0.11222.15 d18.0
MinimumVisualStudioVersion = 10.0.40219.1
Project("{FAE04EC0-301F-11D3-BF4B-00C04F79EFBC}") = "IMGuiMenu", "IMGuiMenu.csproj", "{324DEC3A-3832-47A7-624D-8204E2E4D52D}"
EndProject
Global
	GlobalSection(SolutionConfigurationPlatforms) = preSolution
		Debug|Any CPU = Debug|Any CPU
		Release|Any CPU = Release|Any CPU
	EndGlobalSection
	GlobalSection(ProjectConfigurationPlatforms) = postSolution
		{324DEC3A-3832-47A7-624D-8204E2E4D52D}.Debug|Any CPU.ActiveCfg = Debug|Any CPU
		{324DEC3A-3832-47A7-624D-8204E2E4D52D}.Debug|Any CPU.Build.0 = Debug|Any CPU
		{324DEC3A-3832-47A7-624D-8204E2E4D52D}.Release|Any CPU.ActiveCfg = Release|Any CPU
		{324DEC3A-3832-47A7-624D-8204E2E4D52D}.Release|Any CPU.Build.0 = Release|Any CPU
	EndGlobalSection
	GlobalSection(SolutionProperties) = preSolution
		HideSolutionNode = FALSE
	EndGlobalSection
	GlobalSection(ExtensibilityGlobals) = postSolution
		SolutionGuid = {2F68CB86-FA3B-48FC-B223-6D74F5FABA4A}
	EndGlobalSection
EndGlobal
